PODS:
  - Flutter (1.0.0)
  - flutter_mob (0.0.1):
    - Flutter
    - mob_sharesdk
    - mob_sharesdk/ShareSDKPlatforms/QQ
    - mob_sharesdk/ShareSDKPlatforms/SinaWeibo
    - mob_sharesdk/ShareSDKPlatforms/WeChat
    - mob_sharesdk/ShareSDKUI
    - mob_smssdk
  - mob_sharesdk (4.2.3):
    - mob_sharesdk/ShareSDK (= 4.2.3)
    - MOBFoundation
  - mob_sharesdk/ShareSDK (4.2.3):
    - MOBFoundation
  - mob_sharesdk/ShareSDKPlatforms/QQ (4.2.3):
    - mob_sharesdk/ShareSDK
    - MOBFoundation
  - mob_sharesdk/ShareSDKPlatforms/SinaWeibo (4.2.3):
    - mob_sharesdk/ShareSDK
    - MOBFoundation
  - mob_sharesdk/ShareSDKPlatforms/WeChat (4.2.3):
    - mob_sharesdk/ShareSDK
    - MOBFoundation
  - mob_sharesdk/ShareSDKUI (4.2.3):
    - mob_sharesdk/ShareSDK
    - MOBFoundation
  - mob_smssdk (3.2.3):
    - MOBFoundation
  - MOBFoundation (3.2.2)

DEPENDENCIES:
  - Flutter (from `.symlinks/flutter/ios`)
  - flutter_mob (from `.symlinks/plugins/flutter_mob/ios`)

SPEC REPOS:
  https://github.com/cocoapods/specs.git:
    - mob_sharesdk
    - mob_smssdk
    - MOBFoundation

EXTERNAL SOURCES:
  Flutter:
    :path: ".symlinks/flutter/ios"
  flutter_mob:
    :path: ".symlinks/plugins/flutter_mob/ios"

SPEC CHECKSUMS:
  Flutter: 58dd7d1b27887414a370fcccb9e645c08ffd7a6a
  flutter_mob: 0fcf9143ddfc2acc918dc16c11221b8cb1acf04a
  mob_sharesdk: e906a03f75d03ba1404fb046e055160c8258242d
  mob_smssdk: cdb6a31d4fd4667ed928e2eca03f21ad89ebc05c
  MOBFoundation: b5ff4038ddb9a0f06b685b86408f905a10aa147c

PODFILE CHECKSUM: aff02bfeed411c636180d6812254b2daeea14d09

COCOAPODS: 1.6.0
